// !$*UTF8*$!
{
	archiveVersion = 1;
	classes = {
	};
	objectVersion = 46;
	objects = {

/* Begin PBXBuildFile section */
		377D81DC1A076EFC000A27DF /* main.m in Sources */ = {isa = PBXBuildFile; fileRef = 377D81DB1A076EFC000A27DF /* main.m */; };
		377D81DF1A076EFC000A27DF /* AppDelegate.m in Sources */ = {isa = PBXBuildFile; fileRef = 377D81DE1A076EFC000A27DF /* AppDelegate.m */; };
		377D81E21A076EFC000A27DF /* ViewController.m in Sources */ = {isa = PBXBuildFile; fileRef = 377D81E11A076EFC000A27DF /* ViewController.m */; };
		377D81E51A076EFC000A27DF /* Main.storyboard in Resources */ = {isa = PBXBuildFile; fileRef = 377D81E31A076EFC000A27DF /* Main.storyboard */; };
		377D81E71A076EFC000A27DF /* Images.xcassets in Resources */ = {isa = PBXBuildFile; fileRef = 377D81E61A076EFC000A27DF /* Images.xcassets */; };
		377D81EA1A076EFC000A27DF /* LaunchScreen.xib in Resources */ = {isa = PBXBuildFile; fileRef = 377D81E81A076EFC000A27DF /* LaunchScreen.xib */; };
		377D81F61A076EFC000A27DF /* appTests.m in Sources */ = {isa = PBXBuildFile; fileRef = 377D81F51A076EFC000A27DF /* appTests.m */; };
/* End PBXBuildFile section */

/* Begin PBXContainerItemProxy section */
		377D81F01A076EFC000A27DF /* PBXContainerItemProxy */ = {
			isa = PBXContainerItemProxy;
			containerPortal = 377D81CE1A076EFC000A27DF /* Project object */;
			proxyType = 1;
			remoteGlobalIDString = 377D81D51A076EFC000A27DF;
			remoteInfo = app;
		};
/* End PBXContainerItemProxy section */

/* Begin PBXFileReference section */
		377D81D61A076EFC000A27DF /* app.app */ = {isa = PBXFileReference; explicitFileType = wrapper.application; includeInIndex = 0; path = app.app; sourceTree = BUILT_PRODUCTS_DIR; };
		377D81DA1A076EFC000A27DF /* Info.plist */ = {isa = PBXFileReference; lastKnownFileType = text.plist.xml; path = Info.plist; sourceTree = "<group>"; };
		377D81DB1A076EFC000A27DF /* main.m */ = {isa = PBXFileReference; lastKnownFileType = sourcecode.c.objc; path = main.m; sourceTree = "<group>"; };
		377D81DD1A076EFC000A27DF /* AppDelegate.h */ = {isa = PBXFileReference; lastKnownFileType = sourcecode.c.h; path = AppDelegate.h; sourceTree = "<group>"; };
		377D81DE1A076EFC000A27DF /* AppDelegate.m */ = {isa = PBXFileReference; lastKnownFileType = sourcecode.c.objc; path = AppDelegate.m; sourceTree = "<group>"; };
		377D81E01A076EFC000A27DF /* ViewController.h */ = {isa = PBXFileReference; lastKnownFileType = sourcecode.c.h; path = ViewController.h; sourceTree = "<group>"; };
		377D81E11A076EFC000A27DF /* ViewController.m */ = {isa = PBXFileReference; lastKnownFileType = sourcecode.c.objc; path = ViewController.m; sourceTree = "<group>"; };
		377D81E41A076EFC000A27DF /* Base */ = {isa = PBXFileReference; lastKnownFileType = file.storyboard; name = Base; path = Base.lproj/Main.storyboard; sourceTree = "<group>"; };
		377D81E61A076EFC000A27DF /* Images.xcassets */ = {isa = PBXFileReference; lastKnownFileType = folder.assetcatalog; path = Images.xcassets; sourceTree = "<group>"; };
		377D81E91A076EFC000A27DF /* Base */ = {isa = PBXFileReference; lastKnownFileType = file.xib; name = Base; path = Base.lproj/LaunchScreen.xib; sourceTree = "<group>"; };
		377D81EF1A076EFC000A27DF /* appTests.xctest */ = {isa = PBXFileReference; explicitFileType = wrapper.cfbundle; includeInIndex = 0; path = appTests.xctest; sourceTree = BUILT_PRODUCTS_DIR; };
		377D81F41A076EFC000A27DF /* Info.plist */ = {isa = PBXFileReference; lastKnownFileType = text.plist.xml; path = Info.plist; sourceTree = "<group>"; };
		377D81F51A076EFC000A27DF /* appTests.m */ = {isa = PBXFileReference; lastKnownFileType = sourcecode.c.objc; path = appTests.m; sourceTree = "<group>"; };
/* End PBXFileReference section */

/* Begin PBXFrameworksBuildPhase section */
		377D81D31A076EFC000A27DF /* Frameworks */ = {
			isa = PBXFrameworksBuildPhase;
			buildActionMask = 2147483647;
			files = (
			);
			runOnlyForDeploymentPostprocessing = 0;
		};
		377D81EC1A076EFC000A27DF /* Frameworks */ = {
			isa = PBXFrameworksBuildPhase;
			buildActionMask = 2147483647;
			files = (
			);
			runOnlyForDeploymentPostprocessing = 0;
		};
/* End PBXFrameworksBuildPhase section */

/* Begin PBXGroup section */
		377D81CD1A076EFC000A27DF = {
			isa = PBXGroup;
			children = (
				377D81D81A076EFC000A27DF /* app */,
				377D81F21A076EFC000A27DF /* appTests */,
				377D81D71A076EFC000A27DF /* Products */,
			);
			sourceTree = "<group>";
		};
		377D81D71A076EFC000A27DF /* Products */ = {
			isa = PBXGroup;
			children = (
				377D81D61A076EFC000A27DF /* app.app */,
				377D81EF1A076EFC000A27DF /* appTests.xctest */,
			);
			name = Products;
			sourceTree = "<group>";
		};
		377D81D81A076EFC000A27DF /* app */ = {
			isa = PBXGroup;
			children = (
				377D81DD1A076EFC000A27DF /* AppDelegate.h */,
				377D81DE1A076EFC000A27DF /* AppDelegate.m */,
				377D81E01A076EFC000A27DF /* ViewController.h */,
				377D81E11A076EFC000A27DF /* ViewController.m */,
				377D81E31A076EFC000A27DF /* Main.storyboard */,
				377D81E61A076EFC000A27DF /* Images.xcassets */,
				377D81E81A076EFC000A27DF /* LaunchScreen.xib */,
				377D81D91A076EFC000A27DF /* Supporting Files */,
			);
			path = app;
			sourceTree = "<group>";
		};
		377D81D91A076EFC000A27DF /* Supporting Files */ = {
			isa = PBXGroup;
			children = (
				377D81DA1A076EFC000A27DF /* Info.plist */,
				377D81DB1A076EFC000A27DF /* main.m */,
			);
			name = "Supporting Files";
			sourceTree = "<group>";
		};
		377D81F21A076EFC000A27DF /* appTests */ = {
			isa = PBXGroup;
			children = (
				377D81F51A076EFC000A27DF /* appTests.m */,
				377D81F31A076EFC000A27DF /* Supporting Files */,
			);
			path = appTests;
			sourceTree = "<group>";
		};
		377D81F31A076EFC000A27DF /* Supporting Files */ = {
			isa = PBXGroup;
			children = (
				377D81F41A076EFC000A27DF /* Info.plist */,
			);
			name = "Supporting Files";
			sourceTree = "<group>";
		};
/* End PBXGroup section */

/* Begin PBXNativeTarget section */
		377D81D51A076EFC000A27DF /* app */ = {
			isa = PBXNativeTarget;
			buildConfigurationList = 377D81F91A076EFC000A27DF /* Build configuration list for PBXNativeTarget "app" */;
			buildPhases = (
				377D81D21A076EFC000A27DF /* Sources */,
				377D81D31A076EFC000A27DF /* Frameworks */,
				377D81D41A076EFC000A27DF /* Resources */,
			);
			buildRules = (
			);
			dependencies = (
			);
			name = app;
			productName = app;
			productReference = 377D81D61A076EFC000A27DF /* app.app */;
			productType = "com.apple.product-type.application";
		};
		377D81EE1A076EFC000A27DF /* appTests */ = {
			isa = PBXNativeTarget;
			buildConfigurationList = 377D81FC1A076EFC000A27DF /* Build configuration list for PBXNativeTarget "appTests" */;
			buildPhases = (
				377D81EB1A076EFC000A27DF /* Sources */,
				377D81EC1A076EFC000A27DF /* Frameworks */,
				377D81ED1A076EFC000A27DF /* Resources */,
			);
			buildRules = (
			);
			dependencies = (
				377D81F11A076EFC000A27DF /* PBXTargetDependency */,
			);
			name = appTests;
			productName = appTests;
			productReference = 377D81EF1A076EFC000A27DF /* appTests.xctest */;
			productType = "com.apple.product-type.bundle.unit-test";
		};
/* End PBXNativeTarget section */

/* Begin PBXProject section */
		377D81CE1A076EFC000A27DF /* Project object */ = {
			isa = PBXProject;
			attributes = {
				LastUpgradeCheck = 0610;
				ORGANIZATIONNAME = zhangcheng;
				TargetAttributes = {
					377D81D51A076EFC000A27DF = {
						CreatedOnToolsVersion = 6.1;
					};
					377D81EE1A076EFC000A27DF = {
						CreatedOnToolsVersion = 6.1;
						TestTargetID = 377D81D51A076EFC000A27DF;
					};
				};
			};
			buildConfigurationList = 377D81D11A076EFC000A27DF /* Build configuration list for PBXProject "app" */;
			compatibilityVersion = "Xcode 3.2";
			developmentRegion = English;
			hasScannedForEncodings = 0;
			knownRegions = (
				en,
				Base,
			);
			mainGroup = 377D81CD1A076EFC000A27DF;
			productRefGroup = 377D81D71A076EFC000A27DF /* Products */;
			projectDirPath = "";
			projectRoot = "";
			targets = (
				377D81D51A076EFC000A27DF /* app */,
				377D81EE1A076EFC000A27DF /* appTests */,
			);
		};
/* End PBXProject section */

/* Begin PBXResourcesBuildPhase section */
		377D81D41A076EFC000A27DF /* Resources */ = {
			isa = PBXResourcesBuildPhase;
			buildActionMask = 2147483647;
			files = (
				377D81E51A076EFC000A27DF /* Main.storyboard in Resources */,
				377D81EA1A076EFC000A27DF /* LaunchScreen.xib in Resources */,
				377D81E71A076EFC000A27DF /* Images.xcassets in Resources */,
			);
			runOnlyForDeploymentPostprocessing = 0;
		};
		377D81ED1A076EFC000A27DF /* Resources */ = {
			isa = PBXResourcesBuildPhase;
			buildActionMask = 2147483647;
			files = (
			);
			runOnlyForDeploymentPostprocessing = 0;
		};
/* End PBXResourcesBuildPhase section */

/* Begin PBXSourcesBuildPhase section */
		377D81D21A076EFC000A27DF /* Sources */ = {
			isa = PBXSourcesBuildPhase;
			buildActionMask = 2147483647;
			files = (
				377D81E21A076EFC000A27DF /* ViewController.m in Sources */,
				377D81DF1A076EFC000A27DF /* AppDelegate.m in Sources */,
				377D81DC1A076EFC000A27DF /* main.m in Sources */,
			);
			runOnlyForDeploymentPostprocessing = 0;
		};
		377D81EB1A076EFC000A27DF /* Sources */ = {
			isa = PBXSourcesBuildPhase;
			buildActionMask = 2147483647;
			files = (
				377D81F61A076EFC000A27DF /* appTests.m in Sources */,
			);
			runOnlyForDeploymentPostprocessing = 0;
		};
/* End PBXSourcesBuildPhase section */

/* Begin PBXTargetDependency section */
		377D81F11A076EFC000A27DF /* PBXTargetDependency */ = {
			isa = PBXTargetDependency;
			target = 377D81D51A076EFC000A27DF /* app */;
			targetProxy = 377D81F01A076EFC000A27DF /* PBXContainerItemProxy */;
		};
/* End PBXTargetDependency section */

/* Begin PBXVariantGroup section */
		377D81E31A076EFC000A27DF /* Main.storyboard */ = {
			isa = PBXVariantGroup;
			children = (
				377D81E41A076EFC000A27DF /* Base */,
			);
			name = Main.storyboard;
			sourceTree = "<group>";
		};
		377D81E81A076EFC000A27DF /* LaunchScreen.xib */ = {
			isa = PBXVariantGroup;
			children = (
				377D81E91A076EFC000A27DF /* Base */,
			);
			name = LaunchScreen.xib;
			sourceTree = "<group>";
		};
/* End PBXVariantGroup section */

/* Begin XCBuildConfiguration section */
		377D81F71A076EFC000A27DF /* Debug */ = {
			isa = XCBuildConfiguration;
			buildSettings = {
				ALWAYS_SEARCH_USER_PATHS = NO;
				CLANG_CXX_LANGUAGE_STANDARD = "gnu++0x";
				CLANG_CXX_LIBRARY = "libc++";
				CLANG_ENABLE_MODULES = YES;
				CLANG_ENABLE_OBJC_ARC = YES;
				CLANG_WARN_BOOL_CONVERSION = YES;
				CLANG_WARN_CONSTANT_CONVERSION = YES;
				CLANG_WARN_DIRECT_OBJC_ISA_USAGE = YES_ERROR;
				CLANG_WARN_EMPTY_BODY = YES;
				CLANG_WARN_ENUM_CONVERSION = YES;
				CLANG_WARN_INT_CONVERSION = YES;
				CLANG_WARN_OBJC_ROOT_CLASS = YES_ERROR;
				CLANG_WARN_UNREACHABLE_CODE = YES;
				CLANG_WARN__DUPLICATE_METHOD_MATCH = YES;
				"CODE_SIGN_IDENTITY[sdk=iphoneos*]" = "iPhone Developer";
				COPY_PHASE_STRIP = NO;
				ENABLE_STRICT_OBJC_MSGSEND = YES;
				GCC_C_LANGUAGE_STANDARD = gnu99;
				GCC_DYNAMIC_NO_PIC = NO;
				GCC_OPTIMIZATION_LEVEL = 0;
				GCC_PREPROCESSOR_DEFINITIONS = (
					"DEBUG=1",
					"$(inherited)",
				);
				GCC_SYMBOLS_PRIVATE_EXTERN = NO;
				GCC_WARN_64_TO_32_BIT_CONVERSION = YES;
				GCC_WARN_ABOUT_RETURN_TYPE = YES_ERROR;
				GCC_WARN_UNDECLARED_SELECTOR = YES;
				GCC_WARN_UNINITIALIZED_AUTOS = YES_AGGRESSIVE;
				GCC_WARN_UNUSED_FUNCTION = YES;
				GCC_WARN_UNUSED_VARIABLE = YES;
				IPHONEOS_DEPLOYMENT_TARGET = 8.1;
				MTL_ENABLE_DEBUG_INFO = YES;
				ONLY_ACTIVE_ARCH = YES;
				SDKROOT = iphoneos;
			};
			name = Debug;
		};
		377D81F81A076EFC000A27DF /* Release */ = {
			isa = XCBuildConfiguration;
			buildSettings = {
				ALWAYS_SEARCH_USER_PATHS = NO;
				CLANG_CXX_LANGUAGE_STANDARD = "gnu++0x";
				CLANG_CXX_LIBRARY = "libc++";
				CLANG_ENABLE_MODULES = YES;
				CLANG_ENABLE_OBJC_ARC = YES;
				CLANG_WARN_BOOL_CONVERSION = YES;
				CLANG_WARN_CONSTANT_CONVERSION = YES;
				CLANG_WARN_DIRECT_OBJC_ISA_USAGE = YES_ERROR;
				CLANG_WARN_EMPTY_BODY = YES;
				CLANG_WARN_ENUM_CONVERSION = YES;
				CLANG_WARN_INT_CONVERSION = YES;
				CLANG_WARN_OBJC_ROOT_CLASS = YES_ERROR;
				CLANG_WARN_UNREACHABLE_CODE = YES;
				CLANG_WARN__DUPLICATE_METHOD_MATCH = YES;
				"CODE_SIGN_IDENTITY[sdk=iphoneos*]" = "iPhone Developer";
				COPY_PHASE_STRIP = YES;
				ENABLE_NS_ASSERTIONS = NO;
				ENABLE_STRICT_OBJC_MSGSEND = YES;
				GCC_C_LANGUAGE_STANDARD = gnu99;
				GCC_WARN_64_TO_32_BIT_CONVERSION = YES;
				GCC_WARN_ABOUT_RETURN_TYPE = YES_ERROR;
				GCC_WARN_UNDECLARED_SELECTOR = YES;
				GCC_WARN_UNINITIALIZED_AUTOS = YES_AGGRESSIVE;
				GCC_WARN_UNUSED_FUNCTION = YES;
				GCC_WARN_UNUSED_VARIABLE = YES;
				IPHONEOS_DEPLOYMENT_TARGET = 8.1;
				MTL_ENABLE_DEBUG_INFO = NO;
				SDKROOT = iphoneos;
				VALIDATE_PRODUCT = YES;
			};
			name = Release;
		};
		377D81FA1A076EFC000A27DF /* Debug */ = {
			isa = XCBuildConfiguration;
			buildSettings = {
				ASSETCATALOG_COMPILER_APPICON_NAME = AppIcon;
				INFOPLIST_FILE = app/Info.plist;
				LD_RUNPATH_SEARCH_PATHS = "$(inherited) @executable_path/Frameworks";
				PRODUCT_NAME = "$(TARGET_NAME)";
			};
			name = Debug;
		};
		377D81FB1A076EFC000A27DF /* Release */ = {
			isa = XCBuildConfiguration;
			buildSettings = {
				ASSETCATALOG_COMPILER_APPICON_NAME = AppIcon;
				INFOPLIST_FILE = app/Info.plist;
				LD_RUNPATH_SEARCH_PATHS = "$(inherited) @executable_path/Frameworks";
				PRODUCT_NAME = "$(TARGET_NAME)";
			};
			name = Release;
		};
		377D81FD1A076EFC000A27DF /* Debug */ = {
			isa = XCBuildConfiguration;
			buildSettings = {
				BUNDLE_LOADER = "$(TEST_HOST)";
				FRAMEWORK_SEARCH_PATHS = (
					"$(SDKROOT)/Developer/Library/Frameworks",
					"$(inherited)",
				);
				GCC_PREPROCESSOR_DEFINITIONS = (
					"DEBUG=1",
					"$(inherited)",
				);
				INFOPLIST_FILE = appTests/Info.plist;
				LD_RUNPATH_SEARCH_PATHS = "$(inherited) @executable_path/Frameworks @loader_path/Frameworks";
				PRODUCT_NAME = "$(TARGET_NAME)";
				TEST_HOST = "$(BUILT_PRODUCTS_DIR)/app.app/app";
			};
			name = Debug;
		};
		377D81FE1A076EFC000A27DF /* Release */ = {
			isa = XCBuildConfiguration;
			buildSettings = {
				BUNDLE_LOADER = "$(TEST_HOST)";
				FRAMEWORK_SEARCH_PATHS = (
					"$(SDKROOT)/Developer/Library/Frameworks",
					"$(inherited)",
				);
				INFOPLIST_FILE = appTests/Info.plist;
				LD_RUNPATH_SEARCH_PATHS = "$(inherited) @executable_path/Frameworks @loader_path/Frameworks";
				PRODUCT_NAME = "$(TARGET_NAME)";
				TEST_HOST = "$(BUILT_PRODUCTS_DIR)/app.app/app";
			};
			name = Release;
		};
/* End XCBuildConfiguration section */

/* Begin XCConfigurationList section */
		377D81D11A076EFC000A27DF /* Build configuration list for PBXProject "app" */ = {
			isa = XCConfigurationList;
			buildConfigurations = (
				377D81F71A076EFC000A27DF /* Debug */,
				377D81F81A076EFC000A27DF /* Release */,
			);
			defaultConfigurationIsVisible = 0;
			defaultConfigurationName = Release;
		};
		377D81F91A076EFC000A27DF /* Build configuration list for PBXNativeTarget "app" */ = {
			isa = XCConfigurationList;
			buildConfigurations = (
				377D81FA1A076EFC000A27DF /* Debug */,
				377D81FB1A076EFC000A27DF /* Release */,
			);
			defaultConfigurationIsVisible = 0;
		};
		377D81FC1A076EFC000A27DF /* Build configuration list for PBXNativeTarget "appTests" */ = {
			isa = XCConfigurationList;
			buildConfigurations = (
				377D81FD1A076EFC000A27DF /* Debug */,
				377D81FE1A076EFC000A27DF /* Release */,
			);
			defaultConfigurationIsVisible = 0;
		};
/* End XCConfigurationList section */
	};
	rootObject = 377D81CE1A076EFC000A27DF /* Project object */;
}
